
Microsoft Visual Studio Solution File, Format Version 12.00
# Visual Studio 15
VisualStudioVersion = 15.0.27428.2037
MinimumVisualStudioVersion = 10.0.40219.1
Project("{FAE04EC0-301F-11D3-BF4B-00C04F79EFBC}") = "DiscussionWeek5", "DiscussionWeek5.csproj", "{E24F7399-3DA3-47C9-B1C1-7054A12C1FD5}"
EndProject
Project("{FAE04EC0-301F-11D3-BF4B-00C04F79EFBC}") = "BSTTests", "..\BSTTests\BSTTests.csproj", "{C400BD5D-0F4F-4F1F-8236-18FA87FC10F5}"
EndProject
Global
	GlobalSection(SolutionConfigurationPlatforms) = preSolution
		Debug|Any CPU = Debug|Any CPU
		Release|Any CPU = Release|Any CPU
	EndGlobalSection
	GlobalSection(ProjectConfigurationPlatforms) = postSolution
		{E24F7399-3DA3-47C9-B1C1-7054A12C1FD5}.Debug|Any CPU.ActiveCfg = Debug|Any CPU
		{E24F7399-3DA3-47C9-B1C1-7054A12C1FD5}.Debug|Any CPU.Build.0 = Debug|Any CPU
		{E24F7399-3DA3-47C9-B1C1-7054A12C1FD5}.Release|Any CPU.ActiveCfg = Release|Any CPU
		{E24F7399-3DA3-47C9-B1C1-7054A12C1FD5}.Release|Any CPU.Build.0 = Release|Any CPU
		{C400BD5D-0F4F-4F1F-8236-18FA87FC10F5}.Debug|Any CPU.ActiveCfg = Debug|Any CPU
		{C400BD5D-0F4F-4F1F-8236-18FA87FC10F5}.Debug|Any CPU.Build.0 = Debug|Any CPU
		{C400BD5D-0F4F-4F1F-8236-18FA87FC10F5}.Release|Any CPU.ActiveCfg = Release|Any CPU
		{C400BD5D-0F4F-4F1F-8236-18FA87FC10F5}.Release|Any CPU.Build.0 = Release|Any CPU
	EndGlobalSection
	GlobalSection(SolutionProperties) = preSolution
		HideSolutionNode = FALSE
	EndGlobalSection
	GlobalSection(ExtensibilityGlobals) = postSolution
		SolutionGuid = {33B996D5-61FA-4C00-9098-D0A63AD1E746}
	EndGlobalSection
EndGlobal
